# This file is autogenerated, do not edit; changes may be undone by the next 'dep ensure'.


[[projects]]
  name = "github.com/shirou/gopsutil"
  packages = ["."]
  revision = "c432be29ccce470088d07eea25b3ea7e68a8afbb"
  version = "v2.18.01"

[[projects]]
  name = "github.com/sirupsen/logrus"
  packages = ["."]
  revision = "d682213848ed68c0a260ca37d6dd5ace8423f5ba"
  version = "v1.0.4"

[[projects]]
  branch = "master"
  name = "github.com/tarm/serial"
  packages = ["."]
  revision = "eaafced92e9619f03c72527efeab21e326f3bc36"

[[projects]]
  branch = "master"
  name = "golang.org/x/crypto"
  packages = ["ssh/terminal"]
  revision = "5119cf507ed5294cc409c092980c7497ee5d6fd2"

[[projects]]
  branch = "master"
  name = "golang.org/x/sys"
  packages = [
    "unix",
    "windows"
  ]
  revision = "37707fdb30a5b38865cfb95e5aab41707daec7fd"

[solve-meta]
  analyzer-name = "dep"
  analyzer-version = 1
  inputs-digest = "47108ca01b9d0e1f7584486f830ebd9fefb15dbf2920249898e7f267720e57d2"
  solver-name = "gps-cdcl"
  solver-version = 1
